// !$*UTF8*$!
{
	archiveVersion = 1;
	classes = {
	};
	objectVersion = 50;
	objects = {

/* Begin PBXBuildFile section */
		53B59C9220C8683A00029B65 /* AppDelegate.swift in Sources */ = {isa = PBXBuildFile; fileRef = 53B59C9120C8683A00029B65 /* AppDelegate.swift */; };
		53B59C9420C8683A00029B65 /* ViewController.swift in Sources */ = {isa = PBXBuildFile; fileRef = 53B59C9320C8683A00029B65 /* ViewController.swift */; };
		53B59C9720C8683A00029B65 /* Main.storyboard in Resources */ = {isa = PBXBuildFile; fileRef = 53B59C9520C8683A00029B65 /* Main.storyboard */; };
		53B59C9920C8683C00029B65 /* Assets.xcassets in Resources */ = {isa = PBXBuildFile; fileRef = 53B59C9820C8683C00029B65 /* Assets.xcassets */; };
		53B59C9C20C8683C00029B65 /* LaunchScreen.storyboard in Resources */ = {isa = PBXBuildFile; fileRef = 53B59C9A20C8683C00029B65 /* LaunchScreen.storyboard */; };
		53B59CA420C8685800029B65 /* Lumina.framework in Frameworks */ = {isa = PBXBuildFile; fileRef = 53B59CA320C8685800029B65 /* Lumina.framework */; };
		53B59CA520C8686900029B65 /* Lumina.framework in Frameworks */ = {isa = PBXBuildFile; fileRef = 53B59CA320C8685800029B65 /* Lumina.framework */; };
		53B59CA620C8686900029B65 /* Lumina.framework in Embed Frameworks */ = {isa = PBXBuildFile; fileRef = 53B59CA320C8685800029B65 /* Lumina.framework */; settings = {ATTRIBUTES = (CodeSignOnCopy, RemoveHeadersOnCopy, ); }; };
		53B59CAA20C868EA00029B65 /* MobileNet.mlmodel in Sources */ = {isa = PBXBuildFile; fileRef = 53B59CA820C868EA00029B65 /* MobileNet.mlmodel */; };
		53B59CAF20C8833000029B65 /* AltConfLab.mlmodel in Sources */ = {isa = PBXBuildFile; fileRef = 53B59CAE20C8833000029B65 /* AltConfLab.mlmodel */; };
		53B59CB120C8896000029B65 /* Fireworks.swift in Sources */ = {isa = PBXBuildFile; fileRef = 53B59CB020C8896000029B65 /* Fireworks.swift */; };
/* End PBXBuildFile section */

/* Begin PBXCopyFilesBuildPhase section */
		53B59CA720C8686900029B65 /* Embed Frameworks */ = {
			isa = PBXCopyFilesBuildPhase;
			buildActionMask = 2147483647;
			dstPath = "";
			dstSubfolderSpec = 10;
			files = (
				53B59CA620C8686900029B65 /* Lumina.framework in Embed Frameworks */,
			);
			name = "Embed Frameworks";
			runOnlyForDeploymentPostprocessing = 0;
		};
/* End PBXCopyFilesBuildPhase section */

/* Begin PBXFileReference section */
		53B59C8E20C8683A00029B65 /* AltConfAppFinished.app */ = {isa = PBXFileReference; explicitFileType = wrapper.application; includeInIndex = 0; path = AltConfAppFinished.app; sourceTree = BUILT_PRODUCTS_DIR; };
		53B59C9120C8683A00029B65 /* AppDelegate.swift */ = {isa = PBXFileReference; lastKnownFileType = sourcecode.swift; path = AppDelegate.swift; sourceTree = "<group>"; };
		53B59C9320C8683A00029B65 /* ViewController.swift */ = {isa = PBXFileReference; lastKnownFileType = sourcecode.swift; path = ViewController.swift; sourceTree = "<group>"; };
		53B59C9620C8683A00029B65 /* Base */ = {isa = PBXFileReference; lastKnownFileType = file.storyboard; name = Base; path = Base.lproj/Main.storyboard; sourceTree = "<group>"; };
		53B59C9820C8683C00029B65 /* Assets.xcassets */ = {isa = PBXFileReference; lastKnownFileType = folder.assetcatalog; path = Assets.xcassets; sourceTree = "<group>"; };
		53B59C9B20C8683C00029B65 /* Base */ = {isa = PBXFileReference; lastKnownFileType = file.storyboard; name = Base; path = Base.lproj/LaunchScreen.storyboard; sourceTree = "<group>"; };
		53B59C9D20C8683C00029B65 /* Info.plist */ = {isa = PBXFileReference; lastKnownFileType = text.plist.xml; path = Info.plist; sourceTree = "<group>"; };
		53B59CA320C8685800029B65 /* Lumina.framework */ = {isa = PBXFileReference; lastKnownFileType = wrapper.framework; path = Lumina.framework; sourceTree = "<group>"; };
		53B59CA820C868EA00029B65 /* MobileNet.mlmodel */ = {isa = PBXFileReference; lastKnownFileType = file.mlmodel; path = MobileNet.mlmodel; sourceTree = "<group>"; };
		53B59CAE20C8833000029B65 /* AltConfLab.mlmodel */ = {isa = PBXFileReference; lastKnownFileType = file.mlmodel; path = AltConfLab.mlmodel; sourceTree = "<group>"; };
		53B59CB020C8896000029B65 /* Fireworks.swift */ = {isa = PBXFileReference; fileEncoding = 4; lastKnownFileType = sourcecode.swift; path = Fireworks.swift; sourceTree = "<group>"; };
/* End PBXFileReference section */

/* Begin PBXFrameworksBuildPhase section */
		53B59C8B20C8683A00029B65 /* Frameworks */ = {
			isa = PBXFrameworksBuildPhase;
			buildActionMask = 2147483647;
			files = (
				53B59CA520C8686900029B65 /* Lumina.framework in Frameworks */,
				53B59CA420C8685800029B65 /* Lumina.framework in Frameworks */,
			);
			runOnlyForDeploymentPostprocessing = 0;
		};
/* End PBXFrameworksBuildPhase section */

/* Begin PBXGroup section */
		53B59C8520C8683A00029B65 = {
			isa = PBXGroup;
			children = (
				53B59C9020C8683A00029B65 /* AltConfAppFinished */,
				53B59C8F20C8683A00029B65 /* Products */,
			);
			sourceTree = "<group>";
		};
		53B59C8F20C8683A00029B65 /* Products */ = {
			isa = PBXGroup;
			children = (
				53B59C8E20C8683A00029B65 /* AltConfAppFinished.app */,
			);
			name = Products;
			sourceTree = "<group>";
		};
		53B59C9020C8683A00029B65 /* AltConfAppFinished */ = {
			isa = PBXGroup;
			children = (
				53B59CA320C8685800029B65 /* Lumina.framework */,
				53B59C9120C8683A00029B65 /* AppDelegate.swift */,
				53B59CB020C8896000029B65 /* Fireworks.swift */,
				53B59CAE20C8833000029B65 /* AltConfLab.mlmodel */,
				53B59CA820C868EA00029B65 /* MobileNet.mlmodel */,
				53B59C9320C8683A00029B65 /* ViewController.swift */,
				53B59C9520C8683A00029B65 /* Main.storyboard */,
				53B59C9820C8683C00029B65 /* Assets.xcassets */,
				53B59C9A20C8683C00029B65 /* LaunchScreen.storyboard */,
				53B59C9D20C8683C00029B65 /* Info.plist */,
			);
			path = AltConfAppFinished;
			sourceTree = "<group>";
		};
/* End PBXGroup section */

/* Begin PBXNativeTarget section */
		53B59C8D20C8683A00029B65 /* AltConfAppFinished */ = {
			isa = PBXNativeTarget;
			buildConfigurationList = 53B59CA020C8683C00029B65 /* Build configuration list for PBXNativeTarget "AltConfAppFinished" */;
			buildPhases = (
				53B59C8A20C8683A00029B65 /* Sources */,
				53B59C8B20C8683A00029B65 /* Frameworks */,
				53B59C8C20C8683A00029B65 /* Resources */,
				53B59CA720C8686900029B65 /* Embed Frameworks */,
			);
			buildRules = (
			);
			dependencies = (
			);
			name = AltConfAppFinished;
			productName = AltConfAppFinished;
			productReference = 53B59C8E20C8683A00029B65 /* AltConfAppFinished.app */;
			productType = "com.apple.product-type.application";
		};
/* End PBXNativeTarget section */

/* Begin PBXProject section */
		53B59C8620C8683A00029B65 /* Project object */ = {
			isa = PBXProject;
			attributes = {
				LastSwiftUpdateCheck = 0940;
				LastUpgradeCheck = 0940;
				ORGANIZATIONNAME = IBM;
				TargetAttributes = {
					53B59C8D20C8683A00029B65 = {
						CreatedOnToolsVersion = 9.4;
					};
				};
			};
			buildConfigurationList = 53B59C8920C8683A00029B65 /* Build configuration list for PBXProject "AltConfAppFinished" */;
			compatibilityVersion = "Xcode 9.3";
			developmentRegion = en;
			hasScannedForEncodings = 0;
			knownRegions = (
				en,
				Base,
			);
			mainGroup = 53B59C8520C8683A00029B65;
			productRefGroup = 53B59C8F20C8683A00029B65 /* Products */;
			projectDirPath = "";
			projectRoot = "";
			targets = (
				53B59C8D20C8683A00029B65 /* AltConfAppFinished */,
			);
		};
/* End PBXProject section */

/* Begin PBXResourcesBuildPhase section */
		53B59C8C20C8683A00029B65 /* Resources */ = {
			isa = PBXResourcesBuildPhase;
			buildActionMask = 2147483647;
			files = (
				53B59C9C20C8683C00029B65 /* LaunchScreen.storyboard in Resources */,
				53B59C9920C8683C00029B65 /* Assets.xcassets in Resources */,
				53B59C9720C8683A00029B65 /* Main.storyboard in Resources */,
			);
			runOnlyForDeploymentPostprocessing = 0;
		};
/* End PBXResourcesBuildPhase section */

/* Begin PBXSourcesBuildPhase section */
		53B59C8A20C8683A00029B65 /* Sources */ = {
			isa = PBXSourcesBuildPhase;
			buildActionMask = 2147483647;
			files = (
				53B59CB120C8896000029B65 /* Fireworks.swift in Sources */,
				53B59CAF20C8833000029B65 /* AltConfLab.mlmodel in Sources */,
				53B59C9420C8683A00029B65 /* ViewController.swift in Sources */,
				53B59C9220C8683A00029B65 /* AppDelegate.swift in Sources */,
				53B59CAA20C868EA00029B65 /* MobileNet.mlmodel in Sources */,
			);
			runOnlyForDeploymentPostprocessing = 0;
		};
/* End PBXSourcesBuildPhase section */

/* Begin PBXVariantGroup section */
		53B59C9520C8683A00029B65 /* Main.storyboard */ = {
			isa = PBXVariantGroup;
			children = (
				53B59C9620C8683A00029B65 /* Base */,
			);
			name = Main.storyboard;
			sourceTree = "<group>";
		};
		53B59C9A20C8683C00029B65 /* LaunchScreen.storyboard */ = {
			isa = PBXVariantGroup;
			children = (
				53B59C9B20C8683C00029B65 /* Base */,
			);
			name = LaunchScreen.storyboard;
			sourceTree = "<group>";
		};
/* End PBXVariantGroup section */

/* Begin XCBuildConfiguration section */
		53B59C9E20C8683C00029B65 /* Debug */ = {
			isa = XCBuildConfiguration;
			buildSettings = {
				ALWAYS_SEARCH_USER_PATHS = NO;
				CLANG_ANALYZER_NONNULL = YES;
				CLANG_ANALYZER_NUMBER_OBJECT_CONVERSION = YES_AGGRESSIVE;
				CLANG_CXX_LANGUAGE_STANDARD = "gnu++14";
				CLANG_CXX_LIBRARY = "libc++";
				CLANG_ENABLE_MODULES = YES;
				CLANG_ENABLE_OBJC_ARC = YES;
				CLANG_ENABLE_OBJC_WEAK = YES;
				CLANG_WARN_BLOCK_CAPTURE_AUTORELEASING = YES;
				CLANG_WARN_BOOL_CONVERSION = YES;
				CLANG_WARN_COMMA = YES;
				CLANG_WARN_CONSTANT_CONVERSION = YES;
				CLANG_WARN_DEPRECATED_OBJC_IMPLEMENTATIONS = YES;
				CLANG_WARN_DIRECT_OBJC_ISA_USAGE = YES_ERROR;
				CLANG_WARN_DOCUMENTATION_COMMENTS = YES;
				CLANG_WARN_EMPTY_BODY = YES;
				CLANG_WARN_ENUM_CONVERSION = YES;
				CLANG_WARN_INFINITE_RECURSION = YES;
				CLANG_WARN_INT_CONVERSION = YES;
				CLANG_WARN_NON_LITERAL_NULL_CONVERSION = YES;
				CLANG_WARN_OBJC_IMPLICIT_RETAIN_SELF = YES;
				CLANG_WARN_OBJC_LITERAL_CONVERSION = YES;
				CLANG_WARN_OBJC_ROOT_CLASS = YES_ERROR;
				CLANG_WARN_RANGE_LOOP_ANALYSIS = YES;
				CLANG_WARN_STRICT_PROTOTYPES = YES;
				CLANG_WARN_SUSPICIOUS_MOVE = YES;
				CLANG_WARN_UNGUARDED_AVAILABILITY = YES_AGGRESSIVE;
				CLANG_WARN_UNREACHABLE_CODE = YES;
				CLANG_WARN__DUPLICATE_METHOD_MATCH = YES;
				CODE_SIGN_IDENTITY = "iPhone Developer";
				COPY_PHASE_STRIP = NO;
				DEBUG_INFORMATION_FORMAT = dwarf;
				ENABLE_STRICT_OBJC_MSGSEND = YES;
				ENABLE_TESTABILITY = YES;
				GCC_C_LANGUAGE_STANDARD = gnu11;
				GCC_DYNAMIC_NO_PIC = NO;
				GCC_NO_COMMON_BLOCKS = YES;
				GCC_OPTIMIZATION_LEVEL = 0;
				GCC_PREPROCESSOR_DEFINITIONS = (
					"DEBUG=1",
					"$(inherited)",
				);
				GCC_WARN_64_TO_32_BIT_CONVERSION = YES;
				GCC_WARN_ABOUT_RETURN_TYPE = YES_ERROR;
				GCC_WARN_UNDECLARED_SELECTOR = YES;
				GCC_WARN_UNINITIALIZED_AUTOS = YES_AGGRESSIVE;
				GCC_WARN_UNUSED_FUNCTION = YES;
				GCC_WARN_UNUSED_VARIABLE = YES;
				IPHONEOS_DEPLOYMENT_TARGET = 11.4;
				MTL_ENABLE_DEBUG_INFO = YES;
				ONLY_ACTIVE_ARCH = YES;
				SDKROOT = iphoneos;
				SWIFT_ACTIVE_COMPILATION_CONDITIONS = DEBUG;
				SWIFT_OPTIMIZATION_LEVEL = "-Onone";
			};
			name = Debug;
		};
		53B59C9F20C8683C00029B65 /* Release */ = {
			isa = XCBuildConfiguration;
			buildSettings = {
				ALWAYS_SEARCH_USER_PATHS = NO;
				CLANG_ANALYZER_NONNULL = YES;
				CLANG_ANALYZER_NUMBER_OBJECT_CONVERSION = YES_AGGRESSIVE;
				CLANG_CXX_LANGUAGE_STANDARD = "gnu++14";
				CLANG_CXX_LIBRARY = "libc++";
				CLANG_ENABLE_MODULES = YES;
				CLANG_ENABLE_OBJC_ARC = YES;
				CLANG_ENABLE_OBJC_WEAK = YES;
				CLANG_WARN_BLOCK_CAPTURE_AUTORELEASING = YES;
				CLANG_WARN_BOOL_CONVERSION = YES;
				CLANG_WARN_COMMA = YES;
				CLANG_WARN_CONSTANT_CONVERSION = YES;
				CLANG_WARN_DEPRECATED_OBJC_IMPLEMENTATIONS = YES;
				CLANG_WARN_DIRECT_OBJC_ISA_USAGE = YES_ERROR;
				CLANG_WARN_DOCUMENTATION_COMMENTS = YES;
				CLANG_WARN_EMPTY_BODY = YES;
				CLANG_WARN_ENUM_CONVERSION = YES;
				CLANG_WARN_INFINITE_RECURSION = YES;
				CLANG_WARN_INT_CONVERSION = YES;
				CLANG_WARN_NON_LITERAL_NULL_CONVERSION = YES;
				CLANG_WARN_OBJC_IMPLICIT_RETAIN_SELF = YES;
				CLANG_WARN_OBJC_LITERAL_CONVERSION = YES;
				CLANG_WARN_OBJC_ROOT_CLASS = YES_ERROR;
				CLANG_WARN_RANGE_LOOP_ANALYSIS = YES;
				CLANG_WARN_STRICT_PROTOTYPES = YES;
				CLANG_WARN_SUSPICIOUS_MOVE = YES;
				CLANG_WARN_UNGUARDED_AVAILABILITY = YES_AGGRESSIVE;
				CLANG_WARN_UNREACHABLE_CODE = YES;
				CLANG_WARN__DUPLICATE_METHOD_MATCH = YES;
				CODE_SIGN_IDENTITY = "iPhone Developer";
				COPY_PHASE_STRIP = NO;
				DEBUG_INFORMATION_FORMAT = "dwarf-with-dsym";
				ENABLE_NS_ASSERTIONS = NO;
				ENABLE_STRICT_OBJC_MSGSEND = YES;
				GCC_C_LANGUAGE_STANDARD = gnu11;
				GCC_NO_COMMON_BLOCKS = YES;
				GCC_WARN_64_TO_32_BIT_CONVERSION = YES;
				GCC_WARN_ABOUT_RETURN_TYPE = YES_ERROR;
				GCC_WARN_UNDECLARED_SELECTOR = YES;
				GCC_WARN_UNINITIALIZED_AUTOS = YES_AGGRESSIVE;
				GCC_WARN_UNUSED_FUNCTION = YES;
				GCC_WARN_UNUSED_VARIABLE = YES;
				IPHONEOS_DEPLOYMENT_TARGET = 11.4;
				MTL_ENABLE_DEBUG_INFO = NO;
				SDKROOT = iphoneos;
				SWIFT_COMPILATION_MODE = wholemodule;
				SWIFT_OPTIMIZATION_LEVEL = "-O";
				VALIDATE_PRODUCT = YES;
			};
			name = Release;
		};
		53B59CA120C8683C00029B65 /* Debug */ = {
			isa = XCBuildConfiguration;
			buildSettings = {
				ASSETCATALOG_COMPILER_APPICON_NAME = AppIcon;
				CODE_SIGN_STYLE = Automatic;
				DEVELOPMENT_TEAM = RQ632LL2X3;
				FRAMEWORK_SEARCH_PATHS = (
					"$(inherited)",
					"$(PROJECT_DIR)/AltConfAppFinished",
				);
				INFOPLIST_FILE = AltConfAppFinished/Info.plist;
				LD_RUNPATH_SEARCH_PATHS = (
					"$(inherited)",
					"@executable_path/Frameworks",
				);
				PRODUCT_BUNDLE_IDENTIFIER = com.okun.io.AltConfAppFinished;
				PRODUCT_NAME = "$(TARGET_NAME)";
				SWIFT_VERSION = 4.0;
				TARGETED_DEVICE_FAMILY = "1,2";
			};
			name = Debug;
		};
		53B59CA220C8683C00029B65 /* Release */ = {
			isa = XCBuildConfiguration;
			buildSettings = {
				ASSETCATALOG_COMPILER_APPICON_NAME = AppIcon;
				CODE_SIGN_STYLE = Automatic;
				DEVELOPMENT_TEAM = RQ632LL2X3;
				FRAMEWORK_SEARCH_PATHS = (
					"$(inherited)",
					"$(PROJECT_DIR)/AltConfAppFinished",
				);
				INFOPLIST_FILE = AltConfAppFinished/Info.plist;
				LD_RUNPATH_SEARCH_PATHS = (
					"$(inherited)",
					"@executable_path/Frameworks",
				);
				PRODUCT_BUNDLE_IDENTIFIER = com.okun.io.AltConfAppFinished;
				PRODUCT_NAME = "$(TARGET_NAME)";
				SWIFT_VERSION = 4.0;
				TARGETED_DEVICE_FAMILY = "1,2";
			};
			name = Release;
		};
/* End XCBuildConfiguration section */

/* Begin XCConfigurationList section */
		53B59C8920C8683A00029B65 /* Build configuration list for PBXProject "AltConfAppFinished" */ = {
			isa = XCConfigurationList;
			buildConfigurations = (
				53B59C9E20C8683C00029B65 /* Debug */,
				53B59C9F20C8683C00029B65 /* Release */,
			);
			defaultConfigurationIsVisible = 0;
			defaultConfigurationName = Release;
		};
		53B59CA020C8683C00029B65 /* Build configuration list for PBXNativeTarget "AltConfAppFinished" */ = {
			isa = XCConfigurationList;
			buildConfigurations = (
				53B59CA120C8683C00029B65 /* Debug */,
				53B59CA220C8683C00029B65 /* Release */,
			);
			defaultConfigurationIsVisible = 0;
			defaultConfigurationName = Release;
		};
/* End XCConfigurationList section */
	};
	rootObject = 53B59C8620C8683A00029B65 /* Project object */;
}
